
Microsoft Visual Studio Solution File, Format Version 12.00
# Visual Studio 2012
Project("{FAE04EC0-301F-11D3-BF4B-00C04F79EFBC}") = "NSimpleQueue", "NSimpleQueue\NSimpleQueue.csproj", "{F1B7B7EA-2E28-4538-BCC0-844420B1DC28}"
EndProject
Project("{FAE04EC0-301F-11D3-BF4B-00C04F79EFBC}") = "NSimpleQueue.Tests", "NSimpleQueue.Tests\NSimpleQueue.Tests.csproj", "{3306B9E6-AAE0-4B40-83FF-D202BCF15FFC}"
EndProject
Global
	GlobalSection(SolutionConfigurationPlatforms) = preSolution
		Debug|Any CPU = Debug|Any CPU
		Release|Any CPU = Release|Any CPU
	EndGlobalSection
	GlobalSection(ProjectConfigurationPlatforms) = postSolution
		{F1B7B7EA-2E28-4538-BCC0-844420B1DC28}.Debug|Any CPU.ActiveCfg = Debug|Any CPU
		{F1B7B7EA-2E28-4538-BCC0-844420B1DC28}.Debug|Any CPU.Build.0 = Debug|Any CPU
		{F1B7B7EA-2E28-4538-BCC0-844420B1DC28}.Release|Any CPU.ActiveCfg = Release|Any CPU
		{F1B7B7EA-2E28-4538-BCC0-844420B1DC28}.Release|Any CPU.Build.0 = Release|Any CPU
		{3306B9E6-AAE0-4B40-83FF-D202BCF15FFC}.Debug|Any CPU.ActiveCfg = Debug|Any CPU
		{3306B9E6-AAE0-4B40-83FF-D202BCF15FFC}.Debug|Any CPU.Build.0 = Debug|Any CPU
		{3306B9E6-AAE0-4B40-83FF-D202BCF15FFC}.Release|Any CPU.ActiveCfg = Release|Any CPU
		{3306B9E6-AAE0-4B40-83FF-D202BCF15FFC}.Release|Any CPU.Build.0 = Release|Any CPU
	EndGlobalSection
	GlobalSection(SolutionProperties) = preSolution
		HideSolutionNode = FALSE
	EndGlobalSection
EndGlobal
